
Microsoft Visual Studio Solution File, Format Version 12.00
# Visual Studio Version 17
VisualStudioVersion = 17.3.32825.248
MinimumVisualStudioVersion = 10.0.40219.1
Project("{9A19103F-16F7-4668-BE54-9A1E7A4F7556}") = "Restaurant.Identity.Application", "Restaurant.Indentity.Application\Restaurant.Identity.Application.csproj", "{7CCC35B5-08D8-4531-BD26-482B20BE2975}"
EndProject
Project("{9A19103F-16F7-4668-BE54-9A1E7A4F7556}") = "Restaurant.Identity.Infrastructure", "Restaurant.Indentity.Infrastructure\Restaurant.Identity.Infrastructure.csproj", "{3788987D-7BFB-41A8-BA2C-F34B5C8927AB}"
EndProject
Project("{9A19103F-16F7-4668-BE54-9A1E7A4F7556}") = "Restaurant.Identity.WebAPI", "Restaurant.Identity.WebAPI\Restaurant.Identity.WebAPI.csproj", "{02F7BB46-1039-497E-8A77-CAB0EA27E096}"
EndProject
Global
	GlobalSection(SolutionConfigurationPlatforms) = preSolution
		Debug|Any CPU = Debug|Any CPU
		Release|Any CPU = Release|Any CPU
	EndGlobalSection
	GlobalSection(ProjectConfigurationPlatforms) = postSolution
		{7CCC35B5-08D8-4531-BD26-482B20BE2975}.Debug|Any CPU.ActiveCfg = Debug|Any CPU
		{7CCC35B5-08D8-4531-BD26-482B20BE2975}.Debug|Any CPU.Build.0 = Debug|Any CPU
		{7CCC35B5-08D8-4531-BD26-482B20BE2975}.Release|Any CPU.ActiveCfg = Release|Any CPU
		{7CCC35B5-08D8-4531-BD26-482B20BE2975}.Release|Any CPU.Build.0 = Release|Any CPU
		{3788987D-7BFB-41A8-BA2C-F34B5C8927AB}.Debug|Any CPU.ActiveCfg = Debug|Any CPU
		{3788987D-7BFB-41A8-BA2C-F34B5C8927AB}.Debug|Any CPU.Build.0 = Debug|Any CPU
		{3788987D-7BFB-41A8-BA2C-F34B5C8927AB}.Release|Any CPU.ActiveCfg = Release|Any CPU
		{3788987D-7BFB-41A8-BA2C-F34B5C8927AB}.Release|Any CPU.Build.0 = Release|Any CPU
		{02F7BB46-1039-497E-8A77-CAB0EA27E096}.Debug|Any CPU.ActiveCfg = Debug|Any CPU
		{02F7BB46-1039-497E-8A77-CAB0EA27E096}.Debug|Any CPU.Build.0 = Debug|Any CPU
		{02F7BB46-1039-497E-8A77-CAB0EA27E096}.Release|Any CPU.ActiveCfg = Release|Any CPU
		{02F7BB46-1039-497E-8A77-CAB0EA27E096}.Release|Any CPU.Build.0 = Release|Any CPU
	EndGlobalSection
	GlobalSection(SolutionProperties) = preSolution
		HideSolutionNode = FALSE
	EndGlobalSection
	GlobalSection(ExtensibilityGlobals) = postSolution
		SolutionGuid = {9309D83A-63D4-47AE-B86D-986F080DB223}
	EndGlobalSection
EndGlobal
